{
  "version": 4,
  "terraform_version": "1.9.8",
  "serial": 13,
  "lineage": "47eecf1d-eae7-d436-6a61-c0053ae6b098",
  "outputs": {},
  "resources": [
    {
      "mode": "managed",
      "type": "aws_eks_cluster",
      "name": "my_cluster",
      "provider": "provider[\"registry.terraform.io/hashicorp/aws\"]",
      "instances": [
        {
          "schema_version": 1,
          "attributes": {
            "access_config": [
              {
                "authentication_mode": "CONFIG_MAP",
                "bootstrap_cluster_creator_admin_permissions": true
              }
            ],
            "arn": "arn:aws:eks:us-east-2:565393024651:cluster/my-eks-cluster",
            "bootstrap_self_managed_addons": true,
            "certificate_authority": [
              {
                "data": "LS0tLS1CRUdJTiBDRVJUSUZJQ0FURS0tLS0tCk1JSURCVENDQWUyZ0F3SUJBZ0lJWlNhOVZuMHV0UG93RFFZSktvWklodmNOQVFFTEJRQXdGVEVUTUJFR0ExVUUKQXhNS2EzVmlaWEp1WlhSbGN6QWVGdzB5TkRFd01qZ3dNekUwTURaYUZ3MHpOREV3TWpZd016RTVNRFphTUJVeApFekFSQmdOVkJBTVRDbXQxWW1WeWJtVjBaWE13Z2dFaU1BMEdDU3FHU0liM0RRRUJBUVVBQTRJQkR3QXdnZ0VLCkFvSUJBUUNYL1l6QVJhUzg5NkxSR1BOSXRIeGV3WGVMSUY5d1N6cFk0amNrN2NaZmpyTVhaSm9jVDg0REdjRTEKZXFhcWZlRVVxR2dmREM3NVljZmhMTzB0endHOWV0ZjFSQUNPRVc2N0p6SHZmcHNVYUVkV3I1dEtlVFgrUDNDbwo0SGNIVURRdTVlY0hqQkllYk9HZ0x5SzIyVitZZzdpN3lqNEZFWnVRMkdMMVZiVkdGV1FZaTNTb3puYWRwdEt1Ci85TjRkMUJSSlRpL1ZEM2diS3VmWVZFbkVjWFo0RExzcjQwVUFWaFN6d3RBLzVmczliSTVJbnBKMkt5VGtRTEoKaU9xZTh4c2QvQmUxemh5VVlsTExGbHZlcmpqVTZFZk9VakpKYjNPcUhnbjRjc0xxbmRZeStXQkl0U3RIUVZIQQp0Sm9PK1dLMVhITlNndWcweDIzRnRXd1hlU1RIQWdNQkFBR2pXVEJYTUE0R0ExVWREd0VCL3dRRUF3SUNwREFQCkJnTlZIUk1CQWY4RUJUQURBUUgvTUIwR0ExVWREZ1FXQkJUL0ZMZXM3ZTFVbm5oZXdOenBHV1BzQTNraTR6QVYKQmdOVkhSRUVEakFNZ2dwcmRXSmxjbTVsZEdWek1BMEdDU3FHU0liM0RRRUJDd1VBQTRJQkFRQlRpM1ZOM3QvcApPSU5QOVRPWkF1eDg3dUg4TC9BYkV6RTlPQVVoNnh5dUkzUEVYb2M4ZW95NncwcjJvNXlieURHY3luTWk2SGp1ClhGNXFmUEo3dW13T2VrOCtuekc5S2xOQk1lV0dZOXUwQmZNdnl0d21ORVA3anBrU1RrYnFrUUN2dXIwekozdmMKMkEvM0NQOVc0KzR6K3l0akFFMlkzVEpBQ0l6OGo0MGFVTVFrVm1TZWx4V0RoYy9na3hyKzZOdWtiNlQwNk5DbAp5OXdZVW02UkgyVFVJYVBsRjZNMHhrTDVkSmJFNW5PaVZ6Yks5dFZidWxDK21MeFVFOWZhdEI5TEsvdXNGckR4CnhlV3A1NWozVThPbVd1dDRYRnJuaStib0pDRlZjVyszbGZPcys4aExBcmdhVHIySHgyR2JpSDVockZUUDEvejgKUjMvb0J1b0I0UnhKCi0tLS0tRU5EIENFUlRJRklDQVRFLS0tLS0K"
              }
            ],
            "cluster_id": null,
            "created_at": "2024-10-28T03:14:22Z",
            "enabled_cluster_log_types": null,
            "encryption_config": [],
            "endpoint": "https://4D74C630D7FEE1045C67A7E7D6ECB3BB.gr7.us-east-2.eks.amazonaws.com",
            "id": "my-eks-cluster",
            "identity": [
              {
                "oidc": [
                  {
                    "issuer": "https://oidc.eks.us-east-2.amazonaws.com/id/4D74C630D7FEE1045C67A7E7D6ECB3BB"
                  }
                ]
              }
            ],
            "kubernetes_network_config": [
              {
                "ip_family": "ipv4",
                "service_ipv4_cidr": "10.100.0.0/16",
                "service_ipv6_cidr": ""
              }
            ],
            "name": "my-eks-cluster",
            "outpost_config": [],
            "platform_version": "eks.6",
            "role_arn": "arn:aws:iam::565393024651:role/eks-cluster-role",
            "status": "ACTIVE",
            "tags": null,
            "tags_all": {},
            "timeouts": null,
            "upgrade_policy": [
              {
                "support_type": "EXTENDED"
              }
            ],
            "version": "1.31",
            "vpc_config": [
              {
                "cluster_security_group_id": "sg-0f53d95ac81b3a5f1",
                "endpoint_private_access": false,
                "endpoint_public_access": true,
                "public_access_cidrs": [
                  "0.0.0.0/0"
                ],
                "security_group_ids": null,
                "subnet_ids": [
                  "subnet-012cd6f4374ee3d79",
                  "subnet-05b1639f02b109594",
                  "subnet-07eb276d0f879970b"
                ],
                "vpc_id": "vpc-0172fc8f70d590791"
              }
            ]
          },
          "sensitive_attributes": [],
          "private": "eyJlMmJmYjczMC1lY2FhLTExZTYtOGY4OC0zNDM2M2JjN2M0YzAiOnsiY3JlYXRlIjoxODAwMDAwMDAwMDAwLCJkZWxldGUiOjkwMDAwMDAwMDAwMCwidXBkYXRlIjozNjAwMDAwMDAwMDAwfSwic2NoZW1hX3ZlcnNpb24iOiIxIn0=",
          "dependencies": [
            "aws_iam_role.eks_cluster_role"
          ]
        }
      ]
    },
    {
      "mode": "managed",
      "type": "aws_iam_role",
      "name": "eks_cluster_role",
      "provider": "provider[\"registry.terraform.io/hashicorp/aws\"]",
      "instances": [
        {
          "schema_version": 0,
          "attributes": {
            "arn": "arn:aws:iam::565393024651:role/eks-cluster-role",
            "assume_role_policy": "{\"Statement\":[{\"Action\":\"sts:AssumeRole\",\"Effect\":\"Allow\",\"Principal\":{\"Service\":\"eks.amazonaws.com\"}}],\"Version\":\"2012-10-17\"}",
            "create_date": "2024-10-28T02:48:16Z",
            "description": "",
            "force_detach_policies": false,
            "id": "eks-cluster-role",
            "inline_policy": [],
            "managed_policy_arns": [
              "arn:aws:iam::aws:policy/AmazonEKSClusterPolicy"
            ],
            "max_session_duration": 3600,
            "name": "eks-cluster-role",
            "name_prefix": "",
            "path": "/",
            "permissions_boundary": "",
            "tags": {},
            "tags_all": {},
            "unique_id": "AROAYHJAM42FX3EFCZPIW"
          },
          "sensitive_attributes": [],
          "private": "bnVsbA=="
        }
      ]
    }
  ],
  "check_results": null
}
